
Microsoft Visual Studio Solution File, Format Version 12.00
# Visual Studio 2012
VisualStudioVersion = 12.0.31101.0
MinimumVisualStudioVersion = 10.0.40219.1
Project("{f2a71f9b-5d33-465a-a702-920d77279786}") = "Kebab", "Kebab\Kebab.fsproj", "{347BE3B6-4CD9-4CEB-A566-578E085E0B22}"
EndProject
Project("{2150E333-8FDC-42A3-9474-1A3956D46DE8}") = ".nuget", ".nuget", "{3B4A259D-13CE-480A-8939-D4F685C41039}"
	ProjectSection(SolutionItems) = preProject
		.nuget\packages.config = .nuget\packages.config
	EndProjectSection
EndProject
Project("{f2a71f9b-5d33-465a-a702-920d77279786}") = "Test", "Test\Test.fsproj", "{599A3978-22E3-4F56-BF96-6418AB63A23F}"
EndProject
Global
	GlobalSection(SolutionConfigurationPlatforms) = preSolution
		Debug|Any CPU = Debug|Any CPU
		Release|Any CPU = Release|Any CPU
	EndGlobalSection
	GlobalSection(ProjectConfigurationPlatforms) = postSolution
		{347BE3B6-4CD9-4CEB-A566-578E085E0B22}.Debug|Any CPU.ActiveCfg = Debug|Any CPU
		{347BE3B6-4CD9-4CEB-A566-578E085E0B22}.Debug|Any CPU.Build.0 = Debug|Any CPU
		{347BE3B6-4CD9-4CEB-A566-578E085E0B22}.Release|Any CPU.ActiveCfg = Release|Any CPU
		{347BE3B6-4CD9-4CEB-A566-578E085E0B22}.Release|Any CPU.Build.0 = Release|Any CPU
		{599A3978-22E3-4F56-BF96-6418AB63A23F}.Debug|Any CPU.ActiveCfg = Debug|Any CPU
		{599A3978-22E3-4F56-BF96-6418AB63A23F}.Debug|Any CPU.Build.0 = Debug|Any CPU
		{599A3978-22E3-4F56-BF96-6418AB63A23F}.Release|Any CPU.ActiveCfg = Release|Any CPU
		{599A3978-22E3-4F56-BF96-6418AB63A23F}.Release|Any CPU.Build.0 = Release|Any CPU
	EndGlobalSection
	GlobalSection(NestedProjects) = preSolution
	EndGlobalSection
	GlobalSection(SolutionProperties) = preSolution
		HideSolutionNode = FALSE
	EndGlobalSection
EndGlobal
