
Microsoft Visual Studio Solution File, Format Version 12.00
# Visual Studio 2013
VisualStudioVersion = 12.0.31101.0
MinimumVisualStudioVersion = 10.0.40219.1
Project("{F2A71F9B-5D33-465A-A702-920D77279786}") = "Kebab", "Kebab\Kebab.fsproj", "{347BE3B6-4CD9-4CEB-A566-578E085E0B22}"
EndProject
Project("{F2A71F9B-5D33-465A-A702-920D77279786}") = "TestKebab", "TestKebab\TestKebab.fsproj", "{D0A40F67-E24A-45E9-8C58-5691E97715EC}"
EndProject
Project("{2150E333-8FDC-42A3-9474-1A3956D46DE8}") = ".nuget", ".nuget", "{3B4A259D-13CE-480A-8939-D4F685C41039}"
	ProjectSection(SolutionItems) = preProject
		.nuget\packages.config = .nuget\packages.config
	EndProjectSection
EndProject
Global
	GlobalSection(SolutionConfigurationPlatforms) = preSolution
		Debug|Any CPU = Debug|Any CPU
		Release|Any CPU = Release|Any CPU
	EndGlobalSection
	GlobalSection(ProjectConfigurationPlatforms) = postSolution
		{347BE3B6-4CD9-4CEB-A566-578E085E0B22}.Debug|Any CPU.ActiveCfg = Debug|Any CPU
		{347BE3B6-4CD9-4CEB-A566-578E085E0B22}.Debug|Any CPU.Build.0 = Debug|Any CPU
		{347BE3B6-4CD9-4CEB-A566-578E085E0B22}.Release|Any CPU.ActiveCfg = Release|Any CPU
		{347BE3B6-4CD9-4CEB-A566-578E085E0B22}.Release|Any CPU.Build.0 = Release|Any CPU
		{D0A40F67-E24A-45E9-8C58-5691E97715EC}.Debug|Any CPU.ActiveCfg = Debug|Any CPU
		{D0A40F67-E24A-45E9-8C58-5691E97715EC}.Debug|Any CPU.Build.0 = Debug|Any CPU
		{D0A40F67-E24A-45E9-8C58-5691E97715EC}.Release|Any CPU.ActiveCfg = Release|Any CPU
		{D0A40F67-E24A-45E9-8C58-5691E97715EC}.Release|Any CPU.Build.0 = Release|Any CPU
	EndGlobalSection
	GlobalSection(SolutionProperties) = preSolution
		HideSolutionNode = FALSE
	EndGlobalSection
EndGlobal
